
Microsoft Visual Studio Solution File, Format Version 12.00
# Visual Studio Version 17
VisualStudioVersion = 17.10.34928.147
MinimumVisualStudioVersion = 10.0.40219.1
Project("{FAE04EC0-301F-11D3-BF4B-00C04F79EFBC}") = "01_MainSubjeccts", "01_MainSubjeccts\01_MainSubjeccts.csproj", "{BD5AA7B7-B288-4F40-A74B-8E9A8148AAC3}"
EndProject
Global
	GlobalSection(SolutionConfigurationPlatforms) = preSolution
		Debug|Any CPU = Debug|Any CPU
		Release|Any CPU = Release|Any CPU
	EndGlobalSection
	GlobalSection(ProjectConfigurationPlatforms) = postSolution
		{BD5AA7B7-B288-4F40-A74B-8E9A8148AAC3}.Debug|Any CPU.ActiveCfg = Debug|Any CPU
		{BD5AA7B7-B288-4F40-A74B-8E9A8148AAC3}.Debug|Any CPU.Build.0 = Debug|Any CPU
		{BD5AA7B7-B288-4F40-A74B-8E9A8148AAC3}.Release|Any CPU.ActiveCfg = Release|Any CPU
		{BD5AA7B7-B288-4F40-A74B-8E9A8148AAC3}.Release|Any CPU.Build.0 = Release|Any CPU
	EndGlobalSection
	GlobalSection(SolutionProperties) = preSolution
		HideSolutionNode = FALSE
	EndGlobalSection
	GlobalSection(ExtensibilityGlobals) = postSolution
		SolutionGuid = {CFBBF15B-DDC7-45F1-8754-1BDC78800438}
	EndGlobalSection
EndGlobal
